
Microsoft Visual Studio Solution File, Format Version 12.00
# Visual Studio Version 17
VisualStudioVersion = 17.10.34928.147
MinimumVisualStudioVersion = 10.0.40219.1
Project("{FAE04EC0-301F-11D3-BF4B-00C04F79EFBC}") = "28. For Döngüsü", "28. For Döngüsü.csproj", "{DB1B3197-3F0B-4E69-9724-CF3089B7A07F}"
EndProject
Global
	GlobalSection(SolutionConfigurationPlatforms) = preSolution
		Debug|Any CPU = Debug|Any CPU
		Release|Any CPU = Release|Any CPU
	EndGlobalSection
	GlobalSection(ProjectConfigurationPlatforms) = postSolution
		{DB1B3197-3F0B-4E69-9724-CF3089B7A07F}.Debug|Any CPU.ActiveCfg = Debug|Any CPU
		{DB1B3197-3F0B-4E69-9724-CF3089B7A07F}.Debug|Any CPU.Build.0 = Debug|Any CPU
		{DB1B3197-3F0B-4E69-9724-CF3089B7A07F}.Release|Any CPU.ActiveCfg = Release|Any CPU
		{DB1B3197-3F0B-4E69-9724-CF3089B7A07F}.Release|Any CPU.Build.0 = Release|Any CPU
	EndGlobalSection
	GlobalSection(SolutionProperties) = preSolution
		HideSolutionNode = FALSE
	EndGlobalSection
	GlobalSection(ExtensibilityGlobals) = postSolution
		SolutionGuid = {6A250B4E-4E22-4B38-8A34-88B36A9488D5}
	EndGlobalSection
EndGlobal
