
Microsoft Visual Studio Solution File, Format Version 12.00
# Visual Studio Version 17
VisualStudioVersion = 17.10.34928.147
MinimumVisualStudioVersion = 10.0.40219.1
Project("{FAE04EC0-301F-11D3-BF4B-00C04F79EFBC}") = "23. Pratik Örnek - Alışveriş İndirim Tutar Hesaplama", "23. Pratik Örnek - Alışveriş İndirim Tutar Hesaplama.csproj", "{4ED03767-0F29-404B-9378-0990BCD92970}"
EndProject
Global
	GlobalSection(SolutionConfigurationPlatforms) = preSolution
		Debug|Any CPU = Debug|Any CPU
		Release|Any CPU = Release|Any CPU
	EndGlobalSection
	GlobalSection(ProjectConfigurationPlatforms) = postSolution
		{4ED03767-0F29-404B-9378-0990BCD92970}.Debug|Any CPU.ActiveCfg = Debug|Any CPU
		{4ED03767-0F29-404B-9378-0990BCD92970}.Debug|Any CPU.Build.0 = Debug|Any CPU
		{4ED03767-0F29-404B-9378-0990BCD92970}.Release|Any CPU.ActiveCfg = Release|Any CPU
		{4ED03767-0F29-404B-9378-0990BCD92970}.Release|Any CPU.Build.0 = Release|Any CPU
	EndGlobalSection
	GlobalSection(SolutionProperties) = preSolution
		HideSolutionNode = FALSE
	EndGlobalSection
	GlobalSection(ExtensibilityGlobals) = postSolution
		SolutionGuid = {99478EDB-C93E-4AD0-9B47-40337F1EFD7A}
	EndGlobalSection
EndGlobal
