
Microsoft Visual Studio Solution File, Format Version 12.00
# Visual Studio Version 17
VisualStudioVersion = 17.10.34928.147
MinimumVisualStudioVersion = 10.0.40219.1
Project("{FAE04EC0-301F-11D3-BF4B-00C04F79EFBC}") = "10. Örnek Proje - Uçak Bilet Rezervasyon Sistemi", "10. Örnek Proje - Uçak Bilet Rezervasyon Sistemi.csproj", "{A5AF9CEC-6AC2-4B78-AD38-5EC6435DD5CB}"
EndProject
Global
	GlobalSection(SolutionConfigurationPlatforms) = preSolution
		Debug|Any CPU = Debug|Any CPU
		Release|Any CPU = Release|Any CPU
	EndGlobalSection
	GlobalSection(ProjectConfigurationPlatforms) = postSolution
		{A5AF9CEC-6AC2-4B78-AD38-5EC6435DD5CB}.Debug|Any CPU.ActiveCfg = Debug|Any CPU
		{A5AF9CEC-6AC2-4B78-AD38-5EC6435DD5CB}.Debug|Any CPU.Build.0 = Debug|Any CPU
		{A5AF9CEC-6AC2-4B78-AD38-5EC6435DD5CB}.Release|Any CPU.ActiveCfg = Release|Any CPU
		{A5AF9CEC-6AC2-4B78-AD38-5EC6435DD5CB}.Release|Any CPU.Build.0 = Release|Any CPU
	EndGlobalSection
	GlobalSection(SolutionProperties) = preSolution
		HideSolutionNode = FALSE
	EndGlobalSection
	GlobalSection(ExtensibilityGlobals) = postSolution
		SolutionGuid = {A60FB8F1-5FAA-40EF-8401-E9F6D9718B8D}
	EndGlobalSection
EndGlobal
