
Microsoft Visual Studio Solution File, Format Version 12.00
# Visual Studio Version 17
VisualStudioVersion = 17.10.34928.147
MinimumVisualStudioVersion = 10.0.40219.1
Project("{FAE04EC0-301F-11D3-BF4B-00C04F79EFBC}") = "19. Proje - Sinema Büfe Satış Uygulaması", "19. Proje - Sinema Büfe Satış Uygulaması.csproj", "{26519AF3-5E6A-4F11-BCC9-4C1774160498}"
EndProject
Global
	GlobalSection(SolutionConfigurationPlatforms) = preSolution
		Debug|Any CPU = Debug|Any CPU
		Release|Any CPU = Release|Any CPU
	EndGlobalSection
	GlobalSection(ProjectConfigurationPlatforms) = postSolution
		{26519AF3-5E6A-4F11-BCC9-4C1774160498}.Debug|Any CPU.ActiveCfg = Debug|Any CPU
		{26519AF3-5E6A-4F11-BCC9-4C1774160498}.Debug|Any CPU.Build.0 = Debug|Any CPU
		{26519AF3-5E6A-4F11-BCC9-4C1774160498}.Release|Any CPU.ActiveCfg = Release|Any CPU
		{26519AF3-5E6A-4F11-BCC9-4C1774160498}.Release|Any CPU.Build.0 = Release|Any CPU
	EndGlobalSection
	GlobalSection(SolutionProperties) = preSolution
		HideSolutionNode = FALSE
	EndGlobalSection
	GlobalSection(ExtensibilityGlobals) = postSolution
		SolutionGuid = {7A7D4032-A674-4756-B52E-D77EEEF369ED}
	EndGlobalSection
EndGlobal
