
Microsoft Visual Studio Solution File, Format Version 12.00
# Visual Studio Version 17
VisualStudioVersion = 17.10.34928.147
MinimumVisualStudioVersion = 10.0.40219.1
Project("{FAE04EC0-301F-11D3-BF4B-00C04F79EFBC}") = "30. Pratik Örnek - Ardışık Sayı Toplamları", "30. Pratik Örnek - Ardışık Sayı Toplamları.csproj", "{EC111F64-67B0-4938-B8B1-559D2EFA12D2}"
EndProject
Global
	GlobalSection(SolutionConfigurationPlatforms) = preSolution
		Debug|Any CPU = Debug|Any CPU
		Release|Any CPU = Release|Any CPU
	EndGlobalSection
	GlobalSection(ProjectConfigurationPlatforms) = postSolution
		{EC111F64-67B0-4938-B8B1-559D2EFA12D2}.Debug|Any CPU.ActiveCfg = Debug|Any CPU
		{EC111F64-67B0-4938-B8B1-559D2EFA12D2}.Debug|Any CPU.Build.0 = Debug|Any CPU
		{EC111F64-67B0-4938-B8B1-559D2EFA12D2}.Release|Any CPU.ActiveCfg = Release|Any CPU
		{EC111F64-67B0-4938-B8B1-559D2EFA12D2}.Release|Any CPU.Build.0 = Release|Any CPU
	EndGlobalSection
	GlobalSection(SolutionProperties) = preSolution
		HideSolutionNode = FALSE
	EndGlobalSection
	GlobalSection(ExtensibilityGlobals) = postSolution
		SolutionGuid = {7C6A3FD9-87A0-43C7-B951-E7E75BC8FDFC}
	EndGlobalSection
EndGlobal
