
Microsoft Visual Studio Solution File, Format Version 12.00
# Visual Studio Version 17
VisualStudioVersion = 17.10.34928.147
MinimumVisualStudioVersion = 10.0.40219.1
Project("{FAE04EC0-301F-11D3-BF4B-00C04F79EFBC}") = "22. Pratik Örnek - Öğrenci Sınav Durumu Hesaplama", "22. Pratik Örnek - Öğrenci Sınav Durumu Hesaplama.csproj", "{12845A87-1A7A-4BA5-869F-087E10E866C0}"
EndProject
Global
	GlobalSection(SolutionConfigurationPlatforms) = preSolution
		Debug|Any CPU = Debug|Any CPU
		Release|Any CPU = Release|Any CPU
	EndGlobalSection
	GlobalSection(ProjectConfigurationPlatforms) = postSolution
		{12845A87-1A7A-4BA5-869F-087E10E866C0}.Debug|Any CPU.ActiveCfg = Debug|Any CPU
		{12845A87-1A7A-4BA5-869F-087E10E866C0}.Debug|Any CPU.Build.0 = Debug|Any CPU
		{12845A87-1A7A-4BA5-869F-087E10E866C0}.Release|Any CPU.ActiveCfg = Release|Any CPU
		{12845A87-1A7A-4BA5-869F-087E10E866C0}.Release|Any CPU.Build.0 = Release|Any CPU
	EndGlobalSection
	GlobalSection(SolutionProperties) = preSolution
		HideSolutionNode = FALSE
	EndGlobalSection
	GlobalSection(ExtensibilityGlobals) = postSolution
		SolutionGuid = {04650613-5BAC-45C6-BC54-70FC4382C59A}
	EndGlobalSection
EndGlobal
